
Microsoft Visual Studio Solution File, Format Version 12.00
# Visual Studio Version 17
VisualStudioVersion = 17.4.33205.214
MinimumVisualStudioVersion = 10.0.40219.1
Project("{9A19103F-16F7-4668-BE54-9A1E7A4F7556}") = "AspApp", "AspApp\AspApp.csproj", "{CDD61120-A693-4412-9442-448D7144B446}"
EndProject
Project("{2150E333-8FDC-42A3-9474-1A3956D46DE8}") = "Solution Items", "Solution Items", "{70CFDAA6-EE71-4BF5-AF6C-A321654EEFA3}"
	ProjectSection(SolutionItems) = preProject
		HTMLPage1.html = HTMLPage1.html
	EndProjectSection
EndProject
Global
	GlobalSection(SolutionConfigurationPlatforms) = preSolution
		Debug|Any CPU = Debug|Any CPU
		Release|Any CPU = Release|Any CPU
	EndGlobalSection
	GlobalSection(ProjectConfigurationPlatforms) = postSolution
		{CDD61120-A693-4412-9442-448D7144B446}.Debug|Any CPU.ActiveCfg = Debug|Any CPU
		{CDD61120-A693-4412-9442-448D7144B446}.Debug|Any CPU.Build.0 = Debug|Any CPU
		{CDD61120-A693-4412-9442-448D7144B446}.Release|Any CPU.ActiveCfg = Release|Any CPU
		{CDD61120-A693-4412-9442-448D7144B446}.Release|Any CPU.Build.0 = Release|Any CPU
	EndGlobalSection
	GlobalSection(SolutionProperties) = preSolution
		HideSolutionNode = FALSE
	EndGlobalSection
	GlobalSection(ExtensibilityGlobals) = postSolution
		SolutionGuid = {35AFE835-D4CB-4363-8636-9C6305DC66D7}
	EndGlobalSection
EndGlobal
